// !$*UTF8*$!
{
	archiveVersion = 1;
	classes = {
	};
	objectVersion = 56;
	objects = {

/* Begin PBXBuildFile section */
		C09603412BEE34B900DBC903 /* AppDelegate.swift in Sources */ = {isa = PBXBuildFile; fileRef = C09603402BEE34B900DBC903 /* AppDelegate.swift */; };
		C09603432BEE34B900DBC903 /* SceneDelegate.swift in Sources */ = {isa = PBXBuildFile; fileRef = C09603422BEE34B900DBC903 /* SceneDelegate.swift */; };
		C09603452BEE34B900DBC903 /* ViewController.swift in Sources */ = {isa = PBXBuildFile; fileRef = C09603442BEE34B900DBC903 /* ViewController.swift */; };
		C096034A2BEE34BA00DBC903 /* Assets.xcassets in Resources */ = {isa = PBXBuildFile; fileRef = C09603492BEE34BA00DBC903 /* Assets.xcassets */; };
		C096034D2BEE34BA00DBC903 /* Base in Resources */ = {isa = PBXBuildFile; fileRef = C096034C2BEE34BA00DBC903 /* Base */; };
		C0BFBF0B2BF22EC9007CD164 /* LoginViewController.swift in Sources */ = {isa = PBXBuildFile; fileRef = C0BFBF092BF22EC9007CD164 /* LoginViewController.swift */; };
		C0BFBF1B2BF22ED5007CD164 /* HomeFooterCell.swift in Sources */ = {isa = PBXBuildFile; fileRef = C0BFBF0C2BF22ED5007CD164 /* HomeFooterCell.swift */; };
		C0BFBF1C2BF22ED5007CD164 /* HomeFooterCell.xib in Resources */ = {isa = PBXBuildFile; fileRef = C0BFBF0D2BF22ED5007CD164 /* HomeFooterCell.xib */; };
		C0BFBF1D2BF22ED5007CD164 /* HomeHeaderCell.swift in Sources */ = {isa = PBXBuildFile; fileRef = C0BFBF0E2BF22ED5007CD164 /* HomeHeaderCell.swift */; };
		C0BFBF1E2BF22ED5007CD164 /* HomeHeaderCell.xib in Resources */ = {isa = PBXBuildFile; fileRef = C0BFBF0F2BF22ED5007CD164 /* HomeHeaderCell.xib */; };
		C0BFBF1F2BF22ED5007CD164 /* HomeRecommendContainerCell.swift in Sources */ = {isa = PBXBuildFile; fileRef = C0BFBF102BF22ED5007CD164 /* HomeRecommendContainerCell.swift */; };
		C0BFBF202BF22ED5007CD164 /* HomeRecommendContainerCell.xib in Resources */ = {isa = PBXBuildFile; fileRef = C0BFBF112BF22ED5007CD164 /* HomeRecommendContainerCell.xib */; };
		C0BFBF212BF22ED5007CD164 /* HomeRecommendItemCell.swift in Sources */ = {isa = PBXBuildFile; fileRef = C0BFBF122BF22ED5007CD164 /* HomeRecommendItemCell.swift */; };
		C0BFBF222BF22ED5007CD164 /* HomeRecommendItemCell.xib in Resources */ = {isa = PBXBuildFile; fileRef = C0BFBF132BF22ED5007CD164 /* HomeRecommendItemCell.xib */; };
		C0BFBF232BF22ED5007CD164 /* HomeVideoCell.swift in Sources */ = {isa = PBXBuildFile; fileRef = C0BFBF142BF22ED5007CD164 /* HomeVideoCell.swift */; };
		C0BFBF242BF22ED5007CD164 /* HomeVideoCell.xib in Resources */ = {isa = PBXBuildFile; fileRef = C0BFBF152BF22ED5007CD164 /* HomeVideoCell.xib */; };
		C0BFBF252BF22ED5007CD164 /* HomeSection.swift in Sources */ = {isa = PBXBuildFile; fileRef = C0BFBF172BF22ED5007CD164 /* HomeSection.swift */; };
		C0BFBF262BF22ED5007CD164 /* HomeViewController.swift in Sources */ = {isa = PBXBuildFile; fileRef = C0BFBF182BF22ED5007CD164 /* HomeViewController.swift */; };
		C0BFBF272BF22ED5007CD164 /* HomeViewModel.swift in Sources */ = {isa = PBXBuildFile; fileRef = C0BFBF192BF22ED5007CD164 /* HomeViewModel.swift */; };
		C0BFBF292BF22EE0007CD164 /* Main.storyboard in Resources */ = {isa = PBXBuildFile; fileRef = C0BFBF282BF22EE0007CD164 /* Main.storyboard */; };
		C0BFBF2B2BF22F09007CD164 /* Color.xcassets in Resources */ = {isa = PBXBuildFile; fileRef = C0BFBF2A2BF22F09007CD164 /* Color.xcassets */; };
		C0BFBF2E2BF22F1C007CD164 /* KTVTests.swift in Sources */ = {isa = PBXBuildFile; fileRef = C0BFBF2C2BF22F1C007CD164 /* KTVTests.swift */; };
		C0BFBF322BF22F20007CD164 /* KTVUITests.swift in Sources */ = {isa = PBXBuildFile; fileRef = C0BFBF2F2BF22F20007CD164 /* KTVUITests.swift */; };
		C0BFBF332BF22F20007CD164 /* KTVUITestsLaunchTests.swift in Sources */ = {isa = PBXBuildFile; fileRef = C0BFBF302BF22F20007CD164 /* KTVUITestsLaunchTests.swift */; };
		C0BFBF352BF22F7E007CD164 /* TabBarController.swift in Sources */ = {isa = PBXBuildFile; fileRef = C0BFBF342BF22F7E007CD164 /* TabBarController.swift */; };
/* End PBXBuildFile section */

/* Begin PBXFileReference section */
		C096033D2BEE34B900DBC903 /* KTV.app */ = {isa = PBXFileReference; explicitFileType = wrapper.application; includeInIndex = 0; path = KTV.app; sourceTree = BUILT_PRODUCTS_DIR; };
		C09603402BEE34B900DBC903 /* AppDelegate.swift */ = {isa = PBXFileReference; lastKnownFileType = sourcecode.swift; path = AppDelegate.swift; sourceTree = "<group>"; };
		C09603422BEE34B900DBC903 /* SceneDelegate.swift */ = {isa = PBXFileReference; lastKnownFileType = sourcecode.swift; path = SceneDelegate.swift; sourceTree = "<group>"; };
		C09603442BEE34B900DBC903 /* ViewController.swift */ = {isa = PBXFileReference; lastKnownFileType = sourcecode.swift; path = ViewController.swift; sourceTree = "<group>"; };
		C09603492BEE34BA00DBC903 /* Assets.xcassets */ = {isa = PBXFileReference; lastKnownFileType = folder.assetcatalog; path = Assets.xcassets; sourceTree = "<group>"; };
		C096034C2BEE34BA00DBC903 /* Base */ = {isa = PBXFileReference; lastKnownFileType = file.storyboard; name = Base; path = Base.lproj/LaunchScreen.storyboard; sourceTree = "<group>"; };
		C096034E2BEE34BA00DBC903 /* Info.plist */ = {isa = PBXFileReference; lastKnownFileType = text.plist.xml; path = Info.plist; sourceTree = "<group>"; };
		C0BFBF092BF22EC9007CD164 /* LoginViewController.swift */ = {isa = PBXFileReference; fileEncoding = 4; lastKnownFileType = sourcecode.swift; path = LoginViewController.swift; sourceTree = "<group>"; };
		C0BFBF0C2BF22ED5007CD164 /* HomeFooterCell.swift */ = {isa = PBXFileReference; fileEncoding = 4; lastKnownFileType = sourcecode.swift; path = HomeFooterCell.swift; sourceTree = "<group>"; };
		C0BFBF0D2BF22ED5007CD164 /* HomeFooterCell.xib */ = {isa = PBXFileReference; fileEncoding = 4; lastKnownFileType = file.xib; path = HomeFooterCell.xib; sourceTree = "<group>"; };
		C0BFBF0E2BF22ED5007CD164 /* HomeHeaderCell.swift */ = {isa = PBXFileReference; fileEncoding = 4; lastKnownFileType = sourcecode.swift; path = HomeHeaderCell.swift; sourceTree = "<group>"; };
		C0BFBF0F2BF22ED5007CD164 /* HomeHeaderCell.xib */ = {isa = PBXFileReference; fileEncoding = 4; lastKnownFileType = file.xib; path = HomeHeaderCell.xib; sourceTree = "<group>"; };
		C0BFBF102BF22ED5007CD164 /* HomeRecommendContainerCell.swift */ = {isa = PBXFileReference; fileEncoding = 4; lastKnownFileType = sourcecode.swift; path = HomeRecommendContainerCell.swift; sourceTree = "<group>"; };
		C0BFBF112BF22ED5007CD164 /* HomeRecommendContainerCell.xib */ = {isa = PBXFileReference; fileEncoding = 4; lastKnownFileType = file.xib; path = HomeRecommendContainerCell.xib; sourceTree = "<group>"; };
		C0BFBF122BF22ED5007CD164 /* HomeRecommendItemCell.swift */ = {isa = PBXFileReference; fileEncoding = 4; lastKnownFileType = sourcecode.swift; path = HomeRecommendItemCell.swift; sourceTree = "<group>"; };
		C0BFBF132BF22ED5007CD164 /* HomeRecommendItemCell.xib */ = {isa = PBXFileReference; fileEncoding = 4; lastKnownFileType = file.xib; path = HomeRecommendItemCell.xib; sourceTree = "<group>"; };
		C0BFBF142BF22ED5007CD164 /* HomeVideoCell.swift */ = {isa = PBXFileReference; fileEncoding = 4; lastKnownFileType = sourcecode.swift; path = HomeVideoCell.swift; sourceTree = "<group>"; };
		C0BFBF152BF22ED5007CD164 /* HomeVideoCell.xib */ = {isa = PBXFileReference; fileEncoding = 4; lastKnownFileType = file.xib; path = HomeVideoCell.xib; sourceTree = "<group>"; };
		C0BFBF172BF22ED5007CD164 /* HomeSection.swift */ = {isa = PBXFileReference; fileEncoding = 4; lastKnownFileType = sourcecode.swift; path = HomeSection.swift; sourceTree = "<group>"; };
		C0BFBF182BF22ED5007CD164 /* HomeViewController.swift */ = {isa = PBXFileReference; fileEncoding = 4; lastKnownFileType = sourcecode.swift; path = HomeViewController.swift; sourceTree = "<group>"; };
		C0BFBF192BF22ED5007CD164 /* HomeViewModel.swift */ = {isa = PBXFileReference; fileEncoding = 4; lastKnownFileType = sourcecode.swift; path = HomeViewModel.swift; sourceTree = "<group>"; };
		C0BFBF282BF22EE0007CD164 /* Main.storyboard */ = {isa = PBXFileReference; fileEncoding = 4; lastKnownFileType = file.storyboard; path = Main.storyboard; sourceTree = "<group>"; };
		C0BFBF2A2BF22F09007CD164 /* Color.xcassets */ = {isa = PBXFileReference; lastKnownFileType = folder.assetcatalog; path = Color.xcassets; sourceTree = "<group>"; };
		C0BFBF2C2BF22F1C007CD164 /* KTVTests.swift */ = {isa = PBXFileReference; fileEncoding = 4; lastKnownFileType = sourcecode.swift; path = KTVTests.swift; sourceTree = "<group>"; };
		C0BFBF2F2BF22F20007CD164 /* KTVUITests.swift */ = {isa = PBXFileReference; fileEncoding = 4; lastKnownFileType = sourcecode.swift; path = KTVUITests.swift; sourceTree = "<group>"; };
		C0BFBF302BF22F20007CD164 /* KTVUITestsLaunchTests.swift */ = {isa = PBXFileReference; fileEncoding = 4; lastKnownFileType = sourcecode.swift; path = KTVUITestsLaunchTests.swift; sourceTree = "<group>"; };
		C0BFBF342BF22F7E007CD164 /* TabBarController.swift */ = {isa = PBXFileReference; fileEncoding = 4; lastKnownFileType = sourcecode.swift; path = TabBarController.swift; sourceTree = "<group>"; };
/* End PBXFileReference section */

/* Begin PBXFrameworksBuildPhase section */
		C096033A2BEE34B900DBC903 /* Frameworks */ = {
			isa = PBXFrameworksBuildPhase;
			buildActionMask = 2147483647;
			files = (
			);
			runOnlyForDeploymentPostprocessing = 0;
		};
/* End PBXFrameworksBuildPhase section */

/* Begin PBXGroup section */
		C09603342BEE34B900DBC903 = {
			isa = PBXGroup;
			children = (
				C096033F2BEE34B900DBC903 /* KTV */,
				C0BFBF2D2BF22F1C007CD164 /* KTVTests */,
				C0BFBF312BF22F20007CD164 /* KTVUITests */,
				C096033E2BEE34B900DBC903 /* Products */,
			);
			sourceTree = "<group>";
		};
		C096033E2BEE34B900DBC903 /* Products */ = {
			isa = PBXGroup;
			children = (
				C096033D2BEE34B900DBC903 /* KTV.app */,
			);
			name = Products;
			sourceTree = "<group>";
		};
		C096033F2BEE34B900DBC903 /* KTV */ = {
			isa = PBXGroup;
			children = (
				C0BFBF342BF22F7E007CD164 /* TabBarController.swift */,
				C0BFBF1A2BF22ED5007CD164 /* Home */,
				C0BFBF0A2BF22EC9007CD164 /* Login */,
				C09603402BEE34B900DBC903 /* AppDelegate.swift */,
				C09603422BEE34B900DBC903 /* SceneDelegate.swift */,
				C09603442BEE34B900DBC903 /* ViewController.swift */,
				C0BFBF282BF22EE0007CD164 /* Main.storyboard */,
				C09603492BEE34BA00DBC903 /* Assets.xcassets */,
				C0BFBF2A2BF22F09007CD164 /* Color.xcassets */,
				C096034B2BEE34BA00DBC903 /* LaunchScreen.storyboard */,
				C096034E2BEE34BA00DBC903 /* Info.plist */,
			);
			path = KTV;
			sourceTree = "<group>";
		};
		C0BFBF0A2BF22EC9007CD164 /* Login */ = {
			isa = PBXGroup;
			children = (
				C0BFBF092BF22EC9007CD164 /* LoginViewController.swift */,
			);
			path = Login;
			sourceTree = "<group>";
		};
		C0BFBF162BF22ED5007CD164 /* Cell */ = {
			isa = PBXGroup;
			children = (
				C0BFBF0C2BF22ED5007CD164 /* HomeFooterCell.swift */,
				C0BFBF0D2BF22ED5007CD164 /* HomeFooterCell.xib */,
				C0BFBF0E2BF22ED5007CD164 /* HomeHeaderCell.swift */,
				C0BFBF0F2BF22ED5007CD164 /* HomeHeaderCell.xib */,
				C0BFBF102BF22ED5007CD164 /* HomeRecommendContainerCell.swift */,
				C0BFBF112BF22ED5007CD164 /* HomeRecommendContainerCell.xib */,
				C0BFBF122BF22ED5007CD164 /* HomeRecommendItemCell.swift */,
				C0BFBF132BF22ED5007CD164 /* HomeRecommendItemCell.xib */,
				C0BFBF142BF22ED5007CD164 /* HomeVideoCell.swift */,
				C0BFBF152BF22ED5007CD164 /* HomeVideoCell.xib */,
			);
			path = Cell;
			sourceTree = "<group>";
		};
		C0BFBF1A2BF22ED5007CD164 /* Home */ = {
			isa = PBXGroup;
			children = (
				C0BFBF162BF22ED5007CD164 /* Cell */,
				C0BFBF172BF22ED5007CD164 /* HomeSection.swift */,
				C0BFBF182BF22ED5007CD164 /* HomeViewController.swift */,
				C0BFBF192BF22ED5007CD164 /* HomeViewModel.swift */,
			);
			path = Home;
			sourceTree = "<group>";
		};
		C0BFBF2D2BF22F1C007CD164 /* KTVTests */ = {
			isa = PBXGroup;
			children = (
				C0BFBF2C2BF22F1C007CD164 /* KTVTests.swift */,
			);
			path = KTVTests;
			sourceTree = "<group>";
		};
		C0BFBF312BF22F20007CD164 /* KTVUITests */ = {
			isa = PBXGroup;
			children = (
				C0BFBF2F2BF22F20007CD164 /* KTVUITests.swift */,
				C0BFBF302BF22F20007CD164 /* KTVUITestsLaunchTests.swift */,
			);
			path = KTVUITests;
			sourceTree = "<group>";
		};
/* End PBXGroup section */

/* Begin PBXNativeTarget section */
		C096033C2BEE34B900DBC903 /* KTV */ = {
			isa = PBXNativeTarget;
			buildConfigurationList = C09603512BEE34BA00DBC903 /* Build configuration list for PBXNativeTarget "KTV" */;
			buildPhases = (
				C09603392BEE34B900DBC903 /* Sources */,
				C096033A2BEE34B900DBC903 /* Frameworks */,
				C096033B2BEE34B900DBC903 /* Resources */,
			);
			buildRules = (
			);
			dependencies = (
			);
			name = KTV;
			productName = KTV;
			productReference = C096033D2BEE34B900DBC903 /* KTV.app */;
			productType = "com.apple.product-type.application";
		};
/* End PBXNativeTarget section */

/* Begin PBXProject section */
		C09603352BEE34B900DBC903 /* Project object */ = {
			isa = PBXProject;
			attributes = {
				BuildIndependentTargetsInParallel = 1;
				LastSwiftUpdateCheck = 1530;
				LastUpgradeCheck = 1530;
				TargetAttributes = {
					C096033C2BEE34B900DBC903 = {
						CreatedOnToolsVersion = 15.3;
					};
				};
			};
			buildConfigurationList = C09603382BEE34B900DBC903 /* Build configuration list for PBXProject "KTV" */;
			compatibilityVersion = "Xcode 14.0";
			developmentRegion = en;
			hasScannedForEncodings = 0;
			knownRegions = (
				en,
				Base,
			);
			mainGroup = C09603342BEE34B900DBC903;
			productRefGroup = C096033E2BEE34B900DBC903 /* Products */;
			projectDirPath = "";
			projectRoot = "";
			targets = (
				C096033C2BEE34B900DBC903 /* KTV */,
			);
		};
/* End PBXProject section */

/* Begin PBXResourcesBuildPhase section */
		C096033B2BEE34B900DBC903 /* Resources */ = {
			isa = PBXResourcesBuildPhase;
			buildActionMask = 2147483647;
			files = (
				C0BFBF1E2BF22ED5007CD164 /* HomeHeaderCell.xib in Resources */,
				C096034A2BEE34BA00DBC903 /* Assets.xcassets in Resources */,
				C0BFBF242BF22ED5007CD164 /* HomeVideoCell.xib in Resources */,
				C096034D2BEE34BA00DBC903 /* Base in Resources */,
				C0BFBF222BF22ED5007CD164 /* HomeRecommendItemCell.xib in Resources */,
				C0BFBF292BF22EE0007CD164 /* Main.storyboard in Resources */,
				C0BFBF1C2BF22ED5007CD164 /* HomeFooterCell.xib in Resources */,
				C0BFBF202BF22ED5007CD164 /* HomeRecommendContainerCell.xib in Resources */,
				C0BFBF2B2BF22F09007CD164 /* Color.xcassets in Resources */,
			);
			runOnlyForDeploymentPostprocessing = 0;
		};
/* End PBXResourcesBuildPhase section */

/* Begin PBXSourcesBuildPhase section */
		C09603392BEE34B900DBC903 /* Sources */ = {
			isa = PBXSourcesBuildPhase;
			buildActionMask = 2147483647;
			files = (
				C0BFBF212BF22ED5007CD164 /* HomeRecommendItemCell.swift in Sources */,
				C0BFBF352BF22F7E007CD164 /* TabBarController.swift in Sources */,
				C0BFBF1B2BF22ED5007CD164 /* HomeFooterCell.swift in Sources */,
				C0BFBF1D2BF22ED5007CD164 /* HomeHeaderCell.swift in Sources */,
				C0BFBF0B2BF22EC9007CD164 /* LoginViewController.swift in Sources */,
				C0BFBF1F2BF22ED5007CD164 /* HomeRecommendContainerCell.swift in Sources */,
				C0BFBF232BF22ED5007CD164 /* HomeVideoCell.swift in Sources */,
				C0BFBF252BF22ED5007CD164 /* HomeSection.swift in Sources */,
				C0BFBF332BF22F20007CD164 /* KTVUITestsLaunchTests.swift in Sources */,
				C0BFBF322BF22F20007CD164 /* KTVUITests.swift in Sources */,
				C0BFBF272BF22ED5007CD164 /* HomeViewModel.swift in Sources */,
				C0BFBF262BF22ED5007CD164 /* HomeViewController.swift in Sources */,
				C0BFBF2E2BF22F1C007CD164 /* KTVTests.swift in Sources */,
				C09603452BEE34B900DBC903 /* ViewController.swift in Sources */,
				C09603412BEE34B900DBC903 /* AppDelegate.swift in Sources */,
				C09603432BEE34B900DBC903 /* SceneDelegate.swift in Sources */,
			);
			runOnlyForDeploymentPostprocessing = 0;
		};
/* End PBXSourcesBuildPhase section */

/* Begin PBXVariantGroup section */
		C096034B2BEE34BA00DBC903 /* LaunchScreen.storyboard */ = {
			isa = PBXVariantGroup;
			children = (
				C096034C2BEE34BA00DBC903 /* Base */,
			);
			name = LaunchScreen.storyboard;
			sourceTree = "<group>";
		};
/* End PBXVariantGroup section */

/* Begin XCBuildConfiguration section */
		C096034F2BEE34BA00DBC903 /* Debug */ = {
			isa = XCBuildConfiguration;
			buildSettings = {
				ALWAYS_SEARCH_USER_PATHS = NO;
				ASSETCATALOG_COMPILER_GENERATE_SWIFT_ASSET_SYMBOL_EXTENSIONS = YES;
				CLANG_ANALYZER_NONNULL = YES;
				CLANG_ANALYZER_NUMBER_OBJECT_CONVERSION = YES_AGGRESSIVE;
				CLANG_CXX_LANGUAGE_STANDARD = "gnu++20";
				CLANG_ENABLE_MODULES = YES;
				CLANG_ENABLE_OBJC_ARC = YES;
				CLANG_ENABLE_OBJC_WEAK = YES;
				CLANG_WARN_BLOCK_CAPTURE_AUTORELEASING = YES;
				CLANG_WARN_BOOL_CONVERSION = YES;
				CLANG_WARN_COMMA = YES;
				CLANG_WARN_CONSTANT_CONVERSION = YES;
				CLANG_WARN_DEPRECATED_OBJC_IMPLEMENTATIONS = YES;
				CLANG_WARN_DIRECT_OBJC_ISA_USAGE = YES_ERROR;
				CLANG_WARN_DOCUMENTATION_COMMENTS = YES;
				CLANG_WARN_EMPTY_BODY = YES;
				CLANG_WARN_ENUM_CONVERSION = YES;
				CLANG_WARN_INFINITE_RECURSION = YES;
				CLANG_WARN_INT_CONVERSION = YES;
				CLANG_WARN_NON_LITERAL_NULL_CONVERSION = YES;
				CLANG_WARN_OBJC_IMPLICIT_RETAIN_SELF = YES;
				CLANG_WARN_OBJC_LITERAL_CONVERSION = YES;
				CLANG_WARN_OBJC_ROOT_CLASS = YES_ERROR;
				CLANG_WARN_QUOTED_INCLUDE_IN_FRAMEWORK_HEADER = YES;
				CLANG_WARN_RANGE_LOOP_ANALYSIS = YES;
				CLANG_WARN_STRICT_PROTOTYPES = YES;
				CLANG_WARN_SUSPICIOUS_MOVE = YES;
				CLANG_WARN_UNGUARDED_AVAILABILITY = YES_AGGRESSIVE;
				CLANG_WARN_UNREACHABLE_CODE = YES;
				CLANG_WARN__DUPLICATE_METHOD_MATCH = YES;
				COPY_PHASE_STRIP = NO;
				DEBUG_INFORMATION_FORMAT = dwarf;
				ENABLE_STRICT_OBJC_MSGSEND = YES;
				ENABLE_TESTABILITY = YES;
				ENABLE_USER_SCRIPT_SANDBOXING = YES;
				GCC_C_LANGUAGE_STANDARD = gnu17;
				GCC_DYNAMIC_NO_PIC = NO;
				GCC_NO_COMMON_BLOCKS = YES;
				GCC_OPTIMIZATION_LEVEL = 0;
				GCC_PREPROCESSOR_DEFINITIONS = (
					"DEBUG=1",
					"$(inherited)",
				);
				GCC_WARN_64_TO_32_BIT_CONVERSION = YES;
				GCC_WARN_ABOUT_RETURN_TYPE = YES_ERROR;
				GCC_WARN_UNDECLARED_SELECTOR = YES;
				GCC_WARN_UNINITIALIZED_AUTOS = YES_AGGRESSIVE;
				GCC_WARN_UNUSED_FUNCTION = YES;
				GCC_WARN_UNUSED_VARIABLE = YES;
				IPHONEOS_DEPLOYMENT_TARGET = 17.4;
				LOCALIZATION_PREFERS_STRING_CATALOGS = YES;
				MTL_ENABLE_DEBUG_INFO = INCLUDE_SOURCE;
				MTL_FAST_MATH = YES;
				ONLY_ACTIVE_ARCH = YES;
				SDKROOT = iphoneos;
				SWIFT_ACTIVE_COMPILATION_CONDITIONS = "DEBUG $(inherited)";
				SWIFT_OPTIMIZATION_LEVEL = "-Onone";
			};
			name = Debug;
		};
		C09603502BEE34BA00DBC903 /* Release */ = {
			isa = XCBuildConfiguration;
			buildSettings = {
				ALWAYS_SEARCH_USER_PATHS = NO;
				ASSETCATALOG_COMPILER_GENERATE_SWIFT_ASSET_SYMBOL_EXTENSIONS = YES;
				CLANG_ANALYZER_NONNULL = YES;
				CLANG_ANALYZER_NUMBER_OBJECT_CONVERSION = YES_AGGRESSIVE;
				CLANG_CXX_LANGUAGE_STANDARD = "gnu++20";
				CLANG_ENABLE_MODULES = YES;
				CLANG_ENABLE_OBJC_ARC = YES;
				CLANG_ENABLE_OBJC_WEAK = YES;
				CLANG_WARN_BLOCK_CAPTURE_AUTORELEASING = YES;
				CLANG_WARN_BOOL_CONVERSION = YES;
				CLANG_WARN_COMMA = YES;
				CLANG_WARN_CONSTANT_CONVERSION = YES;
				CLANG_WARN_DEPRECATED_OBJC_IMPLEMENTATIONS = YES;
				CLANG_WARN_DIRECT_OBJC_ISA_USAGE = YES_ERROR;
				CLANG_WARN_DOCUMENTATION_COMMENTS = YES;
				CLANG_WARN_EMPTY_BODY = YES;
				CLANG_WARN_ENUM_CONVERSION = YES;
				CLANG_WARN_INFINITE_RECURSION = YES;
				CLANG_WARN_INT_CONVERSION = YES;
				CLANG_WARN_NON_LITERAL_NULL_CONVERSION = YES;
				CLANG_WARN_OBJC_IMPLICIT_RETAIN_SELF = YES;
				CLANG_WARN_OBJC_LITERAL_CONVERSION = YES;
				CLANG_WARN_OBJC_ROOT_CLASS = YES_ERROR;
				CLANG_WARN_QUOTED_INCLUDE_IN_FRAMEWORK_HEADER = YES;
				CLANG_WARN_RANGE_LOOP_ANALYSIS = YES;
				CLANG_WARN_STRICT_PROTOTYPES = YES;
				CLANG_WARN_SUSPICIOUS_MOVE = YES;
				CLANG_WARN_UNGUARDED_AVAILABILITY = YES_AGGRESSIVE;
				CLANG_WARN_UNREACHABLE_CODE = YES;
				CLANG_WARN__DUPLICATE_METHOD_MATCH = YES;
				COPY_PHASE_STRIP = NO;
				DEBUG_INFORMATION_FORMAT = "dwarf-with-dsym";
				ENABLE_NS_ASSERTIONS = NO;
				ENABLE_STRICT_OBJC_MSGSEND = YES;
				ENABLE_USER_SCRIPT_SANDBOXING = YES;
				GCC_C_LANGUAGE_STANDARD = gnu17;
				GCC_NO_COMMON_BLOCKS = YES;
				GCC_WARN_64_TO_32_BIT_CONVERSION = YES;
				GCC_WARN_ABOUT_RETURN_TYPE = YES_ERROR;
				GCC_WARN_UNDECLARED_SELECTOR = YES;
				GCC_WARN_UNINITIALIZED_AUTOS = YES_AGGRESSIVE;
				GCC_WARN_UNUSED_FUNCTION = YES;
				GCC_WARN_UNUSED_VARIABLE = YES;
				IPHONEOS_DEPLOYMENT_TARGET = 17.4;
				LOCALIZATION_PREFERS_STRING_CATALOGS = YES;
				MTL_ENABLE_DEBUG_INFO = NO;
				MTL_FAST_MATH = YES;
				SDKROOT = iphoneos;
				SWIFT_COMPILATION_MODE = wholemodule;
				VALIDATE_PRODUCT = YES;
			};
			name = Release;
		};
		C09603522BEE34BA00DBC903 /* Debug */ = {
			isa = XCBuildConfiguration;
			buildSettings = {
				ASSETCATALOG_COMPILER_APPICON_NAME = AppIcon;
				ASSETCATALOG_COMPILER_GLOBAL_ACCENT_COLOR_NAME = AccentColor;
				CODE_SIGN_STYLE = Automatic;
				CURRENT_PROJECT_VERSION = 1;
				DEVELOPMENT_TEAM = 62BCLQNF78;
				GENERATE_INFOPLIST_FILE = YES;
				INFOPLIST_FILE = KTV/Info.plist;
				INFOPLIST_KEY_UIApplicationSupportsIndirectInputEvents = YES;
				INFOPLIST_KEY_UILaunchStoryboardName = LaunchScreen;
				INFOPLIST_KEY_UIMainStoryboardFile = Main;
				INFOPLIST_KEY_UISupportedInterfaceOrientations_iPad = "UIInterfaceOrientationPortrait UIInterfaceOrientationPortraitUpsideDown UIInterfaceOrientationLandscapeLeft UIInterfaceOrientationLandscapeRight";
				INFOPLIST_KEY_UISupportedInterfaceOrientations_iPhone = "UIInterfaceOrientationPortrait UIInterfaceOrientationLandscapeLeft UIInterfaceOrientationLandscapeRight";
				LD_RUNPATH_SEARCH_PATHS = (
					"$(inherited)",
					"@executable_path/Frameworks",
				);
				MARKETING_VERSION = 1.0;
				PRODUCT_BUNDLE_IDENTIFIER = com.kgc.KTV;
				PRODUCT_NAME = "$(TARGET_NAME)";
				SWIFT_EMIT_LOC_STRINGS = YES;
				SWIFT_VERSION = 5.0;
				TARGETED_DEVICE_FAMILY = "1,2";
			};
			name = Debug;
		};
		C09603532BEE34BA00DBC903 /* Release */ = {
			isa = XCBuildConfiguration;
			buildSettings = {
				ASSETCATALOG_COMPILER_APPICON_NAME = AppIcon;
				ASSETCATALOG_COMPILER_GLOBAL_ACCENT_COLOR_NAME = AccentColor;
				CODE_SIGN_STYLE = Automatic;
				CURRENT_PROJECT_VERSION = 1;
				DEVELOPMENT_TEAM = 62BCLQNF78;
				GENERATE_INFOPLIST_FILE = YES;
				INFOPLIST_FILE = KTV/Info.plist;
				INFOPLIST_KEY_UIApplicationSupportsIndirectInputEvents = YES;
				INFOPLIST_KEY_UILaunchStoryboardName = LaunchScreen;
				INFOPLIST_KEY_UIMainStoryboardFile = Main;
				INFOPLIST_KEY_UISupportedInterfaceOrientations_iPad = "UIInterfaceOrientationPortrait UIInterfaceOrientationPortraitUpsideDown UIInterfaceOrientationLandscapeLeft UIInterfaceOrientationLandscapeRight";
				INFOPLIST_KEY_UISupportedInterfaceOrientations_iPhone = "UIInterfaceOrientationPortrait UIInterfaceOrientationLandscapeLeft UIInterfaceOrientationLandscapeRight";
				LD_RUNPATH_SEARCH_PATHS = (
					"$(inherited)",
					"@executable_path/Frameworks",
				);
				MARKETING_VERSION = 1.0;
				PRODUCT_BUNDLE_IDENTIFIER = com.kgc.KTV;
				PRODUCT_NAME = "$(TARGET_NAME)";
				SWIFT_EMIT_LOC_STRINGS = YES;
				SWIFT_VERSION = 5.0;
				TARGETED_DEVICE_FAMILY = "1,2";
			};
			name = Release;
		};
/* End XCBuildConfiguration section */

/* Begin XCConfigurationList section */
		C09603382BEE34B900DBC903 /* Build configuration list for PBXProject "KTV" */ = {
			isa = XCConfigurationList;
			buildConfigurations = (
				C096034F2BEE34BA00DBC903 /* Debug */,
				C09603502BEE34BA00DBC903 /* Release */,
			);
			defaultConfigurationIsVisible = 0;
			defaultConfigurationName = Release;
		};
		C09603512BEE34BA00DBC903 /* Build configuration list for PBXNativeTarget "KTV" */ = {
			isa = XCConfigurationList;
			buildConfigurations = (
				C09603522BEE34BA00DBC903 /* Debug */,
				C09603532BEE34BA00DBC903 /* Release */,
			);
			defaultConfigurationIsVisible = 0;
			defaultConfigurationName = Release;
		};
/* End XCConfigurationList section */
	};
	rootObject = C09603352BEE34B900DBC903 /* Project object */;
}
